// !$*UTF8*$!
{
	archiveVersion = 1;
	classes = {
	};
	objectVersion = 50;
	objects = {

/* Begin PBXBuildFile section */
		1A0ED9FA249696E000FEB661 /* AppDelegate.swift in Sources */ = {isa = PBXBuildFile; fileRef = 1A0ED9F9249696E000FEB661 /* AppDelegate.swift */; };
		1A0ED9FC249696E000FEB661 /* SceneDelegate.swift in Sources */ = {isa = PBXBuildFile; fileRef = 1A0ED9FB249696E000FEB661 /* SceneDelegate.swift */; };
		1A0ED9FE249696E000FEB661 /* YelpViewController.swift in Sources */ = {isa = PBXBuildFile; fileRef = 1A0ED9FD249696E000FEB661 /* YelpViewController.swift */; };
		1A0EDA01249696E000FEB661 /* Main.storyboard in Resources */ = {isa = PBXBuildFile; fileRef = 1A0ED9FF249696E000FEB661 /* Main.storyboard */; };
		1A0EDA03249696E300FEB661 /* Assets.xcassets in Resources */ = {isa = PBXBuildFile; fileRef = 1A0EDA02249696E300FEB661 /* Assets.xcassets */; };
		1A0EDA06249696E300FEB661 /* LaunchScreen.storyboard in Resources */ = {isa = PBXBuildFile; fileRef = 1A0EDA04249696E300FEB661 /* LaunchScreen.storyboard */; };
		1A0EDA0F2496D0F700FEB661 /* Restaurant.swift in Sources */ = {isa = PBXBuildFile; fileRef = 1A0EDA0E2496D0F700FEB661 /* Restaurant.swift */; };
		1A0EDA122496D12D00FEB661 /* YelpNetworking.swift in Sources */ = {isa = PBXBuildFile; fileRef = 1A0EDA112496D12D00FEB661 /* YelpNetworking.swift */; };
		1AEE066024971D11005E692B /* UIImageView+Extension.swift in Sources */ = {isa = PBXBuildFile; fileRef = 1AEE065F24971D11005E692B /* UIImageView+Extension.swift */; };
/* End PBXBuildFile section */

/* Begin PBXFileReference section */
		1A0ED9F6249696E000FEB661 /* BigFishYelp.app */ = {isa = PBXFileReference; explicitFileType = wrapper.application; includeInIndex = 0; path = BigFishYelp.app; sourceTree = BUILT_PRODUCTS_DIR; };
		1A0ED9F9249696E000FEB661 /* AppDelegate.swift */ = {isa = PBXFileReference; lastKnownFileType = sourcecode.swift; path = AppDelegate.swift; sourceTree = "<group>"; };
		1A0ED9FB249696E000FEB661 /* SceneDelegate.swift */ = {isa = PBXFileReference; lastKnownFileType = sourcecode.swift; path = SceneDelegate.swift; sourceTree = "<group>"; };
		1A0ED9FD249696E000FEB661 /* YelpViewController.swift */ = {isa = PBXFileReference; lastKnownFileType = sourcecode.swift; path = YelpViewController.swift; sourceTree = "<group>"; };
		1A0EDA00249696E000FEB661 /* Base */ = {isa = PBXFileReference; lastKnownFileType = file.storyboard; name = Base; path = Base.lproj/Main.storyboard; sourceTree = "<group>"; };
		1A0EDA02249696E300FEB661 /* Assets.xcassets */ = {isa = PBXFileReference; lastKnownFileType = folder.assetcatalog; path = Assets.xcassets; sourceTree = "<group>"; };
		1A0EDA05249696E300FEB661 /* Base */ = {isa = PBXFileReference; lastKnownFileType = file.storyboard; name = Base; path = Base.lproj/LaunchScreen.storyboard; sourceTree = "<group>"; };
		1A0EDA07249696E300FEB661 /* Info.plist */ = {isa = PBXFileReference; lastKnownFileType = text.plist.xml; path = Info.plist; sourceTree = "<group>"; };
		1A0EDA0E2496D0F700FEB661 /* Restaurant.swift */ = {isa = PBXFileReference; lastKnownFileType = sourcecode.swift; path = Restaurant.swift; sourceTree = "<group>"; };
		1A0EDA112496D12D00FEB661 /* YelpNetworking.swift */ = {isa = PBXFileReference; lastKnownFileType = sourcecode.swift; path = YelpNetworking.swift; sourceTree = "<group>"; };
		1AEE065F24971D11005E692B /* UIImageView+Extension.swift */ = {isa = PBXFileReference; lastKnownFileType = sourcecode.swift; path = "UIImageView+Extension.swift"; sourceTree = "<group>"; };
/* End PBXFileReference section */

/* Begin PBXFrameworksBuildPhase section */
		1A0ED9F3249696E000FEB661 /* Frameworks */ = {
			isa = PBXFrameworksBuildPhase;
			buildActionMask = 2147483647;
			files = (
			);
			runOnlyForDeploymentPostprocessing = 0;
		};
/* End PBXFrameworksBuildPhase section */

/* Begin PBXGroup section */
		1A0ED9ED249696E000FEB661 = {
			isa = PBXGroup;
			children = (
				1A0ED9F8249696E000FEB661 /* BigFishYelp */,
				1A0ED9F7249696E000FEB661 /* Products */,
			);
			sourceTree = "<group>";
		};
		1A0ED9F7249696E000FEB661 /* Products */ = {
			isa = PBXGroup;
			children = (
				1A0ED9F6249696E000FEB661 /* BigFishYelp.app */,
			);
			name = Products;
			sourceTree = "<group>";
		};
		1A0ED9F8249696E000FEB661 /* BigFishYelp */ = {
			isa = PBXGroup;
			children = (
				1A0ED9F9249696E000FEB661 /* AppDelegate.swift */,
				1A0ED9FB249696E000FEB661 /* SceneDelegate.swift */,
				1AEE065F24971D11005E692B /* UIImageView+Extension.swift */,
				1A0EDA132496D13600FEB661 /* Networking */,
				1A0EDA102496D0FB00FEB661 /* Model */,
				1A0EDA0D2496D0C000FEB661 /* Views */,
				1A0ED9FF249696E000FEB661 /* Main.storyboard */,
				1A0EDA02249696E300FEB661 /* Assets.xcassets */,
				1A0EDA04249696E300FEB661 /* LaunchScreen.storyboard */,
				1A0EDA07249696E300FEB661 /* Info.plist */,
			);
			path = BigFishYelp;
			sourceTree = "<group>";
		};
		1A0EDA0D2496D0C000FEB661 /* Views */ = {
			isa = PBXGroup;
			children = (
				1A0ED9FD249696E000FEB661 /* YelpViewController.swift */,
			);
			path = Views;
			sourceTree = "<group>";
		};
		1A0EDA102496D0FB00FEB661 /* Model */ = {
			isa = PBXGroup;
			children = (
				1A0EDA0E2496D0F700FEB661 /* Restaurant.swift */,
			);
			path = Model;
			sourceTree = "<group>";
		};
		1A0EDA132496D13600FEB661 /* Networking */ = {
			isa = PBXGroup;
			children = (
				1A0EDA112496D12D00FEB661 /* YelpNetworking.swift */,
			);
			path = Networking;
			sourceTree = "<group>";
		};
/* End PBXGroup section */

/* Begin PBXNativeTarget section */
		1A0ED9F5249696E000FEB661 /* BigFishYelp */ = {
			isa = PBXNativeTarget;
			buildConfigurationList = 1A0EDA0A249696E300FEB661 /* Build configuration list for PBXNativeTarget "BigFishYelp" */;
			buildPhases = (
				1A0ED9F2249696E000FEB661 /* Sources */,
				1A0ED9F3249696E000FEB661 /* Frameworks */,
				1A0ED9F4249696E000FEB661 /* Resources */,
			);
			buildRules = (
			);
			dependencies = (
			);
			name = BigFishYelp;
			productName = BigFishYelp;
			productReference = 1A0ED9F6249696E000FEB661 /* BigFishYelp.app */;
			productType = "com.apple.product-type.application";
		};
/* End PBXNativeTarget section */

/* Begin PBXProject section */
		1A0ED9EE249696E000FEB661 /* Project object */ = {
			isa = PBXProject;
			attributes = {
				LastSwiftUpdateCheck = 1150;
				LastUpgradeCheck = 1150;
				ORGANIZATIONNAME = "Michael Sevy";
				TargetAttributes = {
					1A0ED9F5249696E000FEB661 = {
						CreatedOnToolsVersion = 11.5;
					};
				};
			};
			buildConfigurationList = 1A0ED9F1249696E000FEB661 /* Build configuration list for PBXProject "BigFishYelp" */;
			compatibilityVersion = "Xcode 9.3";
			developmentRegion = en;
			hasScannedForEncodings = 0;
			knownRegions = (
				en,
				Base,
			);
			mainGroup = 1A0ED9ED249696E000FEB661;
			productRefGroup = 1A0ED9F7249696E000FEB661 /* Products */;
			projectDirPath = "";
			projectRoot = "";
			targets = (
				1A0ED9F5249696E000FEB661 /* BigFishYelp */,
			);
		};
/* End PBXProject section */

/* Begin PBXResourcesBuildPhase section */
		1A0ED9F4249696E000FEB661 /* Resources */ = {
			isa = PBXResourcesBuildPhase;
			buildActionMask = 2147483647;
			files = (
				1A0EDA06249696E300FEB661 /* LaunchScreen.storyboard in Resources */,
				1A0EDA03249696E300FEB661 /* Assets.xcassets in Resources */,
				1A0EDA01249696E000FEB661 /* Main.storyboard in Resources */,
			);
			runOnlyForDeploymentPostprocessing = 0;
		};
/* End PBXResourcesBuildPhase section */

/* Begin PBXSourcesBuildPhase section */
		1A0ED9F2249696E000FEB661 /* Sources */ = {
			isa = PBXSourcesBuildPhase;
			buildActionMask = 2147483647;
			files = (
				1A0EDA0F2496D0F700FEB661 /* Restaurant.swift in Sources */,
				1A0ED9FE249696E000FEB661 /* YelpViewController.swift in Sources */,
				1AEE066024971D11005E692B /* UIImageView+Extension.swift in Sources */,
				1A0ED9FA249696E000FEB661 /* AppDelegate.swift in Sources */,
				1A0EDA122496D12D00FEB661 /* YelpNetworking.swift in Sources */,
				1A0ED9FC249696E000FEB661 /* SceneDelegate.swift in Sources */,
			);
			runOnlyForDeploymentPostprocessing = 0;
		};
/* End PBXSourcesBuildPhase section */

/* Begin PBXVariantGroup section */
		1A0ED9FF249696E000FEB661 /* Main.storyboard */ = {
			isa = PBXVariantGroup;
			children = (
				1A0EDA00249696E000FEB661 /* Base */,
			);
			name = Main.storyboard;
			sourceTree = "<group>";
		};
		1A0EDA04249696E300FEB661 /* LaunchScreen.storyboard */ = {
			isa = PBXVariantGroup;
			children = (
				1A0EDA05249696E300FEB661 /* Base */,
			);
			name = LaunchScreen.storyboard;
			sourceTree = "<group>";
		};
/* End PBXVariantGroup section */

/* Begin XCBuildConfiguration section */
		1A0EDA08249696E300FEB661 /* Debug */ = {
			isa = XCBuildConfiguration;
			buildSettings = {
				ALWAYS_SEARCH_USER_PATHS = NO;
				CLANG_ANALYZER_NONNULL = YES;
				CLANG_ANALYZER_NUMBER_OBJECT_CONVERSION = YES_AGGRESSIVE;
				CLANG_CXX_LANGUAGE_STANDARD = "gnu++14";
				CLANG_CXX_LIBRARY = "libc++";
				CLANG_ENABLE_MODULES = YES;
				CLANG_ENABLE_OBJC_ARC = YES;
				CLANG_ENABLE_OBJC_WEAK = YES;
				CLANG_WARN_BLOCK_CAPTURE_AUTORELEASING = YES;
				CLANG_WARN_BOOL_CONVERSION = YES;
				CLANG_WARN_COMMA = YES;
				CLANG_WARN_CONSTANT_CONVERSION = YES;
				CLANG_WARN_DEPRECATED_OBJC_IMPLEMENTATIONS = YES;
				CLANG_WARN_DIRECT_OBJC_ISA_USAGE = YES_ERROR;
				CLANG_WARN_DOCUMENTATION_COMMENTS = YES;
				CLANG_WARN_EMPTY_BODY = YES;
				CLANG_WARN_ENUM_CONVERSION = YES;
				CLANG_WARN_INFINITE_RECURSION = YES;
				CLANG_WARN_INT_CONVERSION = YES;
				CLANG_WARN_NON_LITERAL_NULL_CONVERSION = YES;
				CLANG_WARN_OBJC_IMPLICIT_RETAIN_SELF = YES;
				CLANG_WARN_OBJC_LITERAL_CONVERSION = YES;
				CLANG_WARN_OBJC_ROOT_CLASS = YES_ERROR;
				CLANG_WARN_RANGE_LOOP_ANALYSIS = YES;
				CLANG_WARN_STRICT_PROTOTYPES = YES;
				CLANG_WARN_SUSPICIOUS_MOVE = YES;
				CLANG_WARN_UNGUARDED_AVAILABILITY = YES_AGGRESSIVE;
				CLANG_WARN_UNREACHABLE_CODE = YES;
				CLANG_WARN__DUPLICATE_METHOD_MATCH = YES;
				COPY_PHASE_STRIP = NO;
				DEBUG_INFORMATION_FORMAT = dwarf;
				ENABLE_STRICT_OBJC_MSGSEND = YES;
				ENABLE_TESTABILITY = YES;
				GCC_C_LANGUAGE_STANDARD = gnu11;
				GCC_DYNAMIC_NO_PIC = NO;
				GCC_NO_COMMON_BLOCKS = YES;
				GCC_OPTIMIZATION_LEVEL = 0;
				GCC_PREPROCESSOR_DEFINITIONS = (
					"DEBUG=1",
					"$(inherited)",
				);
				GCC_WARN_64_TO_32_BIT_CONVERSION = YES;
				GCC_WARN_ABOUT_RETURN_TYPE = YES_ERROR;
				GCC_WARN_UNDECLARED_SELECTOR = YES;
				GCC_WARN_UNINITIALIZED_AUTOS = YES_AGGRESSIVE;
				GCC_WARN_UNUSED_FUNCTION = YES;
				GCC_WARN_UNUSED_VARIABLE = YES;
				IPHONEOS_DEPLOYMENT_TARGET = 13.5;
				MTL_ENABLE_DEBUG_INFO = INCLUDE_SOURCE;
				MTL_FAST_MATH = YES;
				ONLY_ACTIVE_ARCH = YES;
				SDKROOT = iphoneos;
				SWIFT_ACTIVE_COMPILATION_CONDITIONS = DEBUG;
				SWIFT_OPTIMIZATION_LEVEL = "-Onone";
			};
			name = Debug;
		};
		1A0EDA09249696E300FEB661 /* Release */ = {
			isa = XCBuildConfiguration;
			buildSettings = {
				ALWAYS_SEARCH_USER_PATHS = NO;
				CLANG_ANALYZER_NONNULL = YES;
				CLANG_ANALYZER_NUMBER_OBJECT_CONVERSION = YES_AGGRESSIVE;
				CLANG_CXX_LANGUAGE_STANDARD = "gnu++14";
				CLANG_CXX_LIBRARY = "libc++";
				CLANG_ENABLE_MODULES = YES;
				CLANG_ENABLE_OBJC_ARC = YES;
				CLANG_ENABLE_OBJC_WEAK = YES;
				CLANG_WARN_BLOCK_CAPTURE_AUTORELEASING = YES;
				CLANG_WARN_BOOL_CONVERSION = YES;
				CLANG_WARN_COMMA = YES;
				CLANG_WARN_CONSTANT_CONVERSION = YES;
				CLANG_WARN_DEPRECATED_OBJC_IMPLEMENTATIONS = YES;
				CLANG_WARN_DIRECT_OBJC_ISA_USAGE = YES_ERROR;
				CLANG_WARN_DOCUMENTATION_COMMENTS = YES;
				CLANG_WARN_EMPTY_BODY = YES;
				CLANG_WARN_ENUM_CONVERSION = YES;
				CLANG_WARN_INFINITE_RECURSION = YES;
				CLANG_WARN_INT_CONVERSION = YES;
				CLANG_WARN_NON_LITERAL_NULL_CONVERSION = YES;
				CLANG_WARN_OBJC_IMPLICIT_RETAIN_SELF = YES;
				CLANG_WARN_OBJC_LITERAL_CONVERSION = YES;
				CLANG_WARN_OBJC_ROOT_CLASS = YES_ERROR;
				CLANG_WARN_RANGE_LOOP_ANALYSIS = YES;
				CLANG_WARN_STRICT_PROTOTYPES = YES;
				CLANG_WARN_SUSPICIOUS_MOVE = YES;
				CLANG_WARN_UNGUARDED_AVAILABILITY = YES_AGGRESSIVE;
				CLANG_WARN_UNREACHABLE_CODE = YES;
				CLANG_WARN__DUPLICATE_METHOD_MATCH = YES;
				COPY_PHASE_STRIP = NO;
				DEBUG_INFORMATION_FORMAT = "dwarf-with-dsym";
				ENABLE_NS_ASSERTIONS = NO;
				ENABLE_STRICT_OBJC_MSGSEND = YES;
				GCC_C_LANGUAGE_STANDARD = gnu11;
				GCC_NO_COMMON_BLOCKS = YES;
				GCC_WARN_64_TO_32_BIT_CONVERSION = YES;
				GCC_WARN_ABOUT_RETURN_TYPE = YES_ERROR;
				GCC_WARN_UNDECLARED_SELECTOR = YES;
				GCC_WARN_UNINITIALIZED_AUTOS = YES_AGGRESSIVE;
				GCC_WARN_UNUSED_FUNCTION = YES;
				GCC_WARN_UNUSED_VARIABLE = YES;
				IPHONEOS_DEPLOYMENT_TARGET = 13.5;
				MTL_ENABLE_DEBUG_INFO = NO;
				MTL_FAST_MATH = YES;
				SDKROOT = iphoneos;
				SWIFT_COMPILATION_MODE = wholemodule;
				SWIFT_OPTIMIZATION_LEVEL = "-O";
				VALIDATE_PRODUCT = YES;
			};
			name = Release;
		};
		1A0EDA0B249696E300FEB661 /* Debug */ = {
			isa = XCBuildConfiguration;
			buildSettings = {
				ASSETCATALOG_COMPILER_APPICON_NAME = AppIcon;
				CODE_SIGN_STYLE = Automatic;
				DEVELOPMENT_TEAM = TKVBVK4237;
				INFOPLIST_FILE = BigFishYelp/Info.plist;
				LD_RUNPATH_SEARCH_PATHS = (
					"$(inherited)",
					"@executable_path/Frameworks",
				);
				PRODUCT_BUNDLE_IDENTIFIER = com.MichaelSevy.BigFishYelp;
				PRODUCT_NAME = "$(TARGET_NAME)";
				SWIFT_VERSION = 5.0;
				TARGETED_DEVICE_FAMILY = "1,2";
			};
			name = Debug;
		};
		1A0EDA0C249696E300FEB661 /* Release */ = {
			isa = XCBuildConfiguration;
			buildSettings = {
				ASSETCATALOG_COMPILER_APPICON_NAME = AppIcon;
				CODE_SIGN_STYLE = Automatic;
				DEVELOPMENT_TEAM = TKVBVK4237;
				INFOPLIST_FILE = BigFishYelp/Info.plist;
				LD_RUNPATH_SEARCH_PATHS = (
					"$(inherited)",
					"@executable_path/Frameworks",
				);
				PRODUCT_BUNDLE_IDENTIFIER = com.MichaelSevy.BigFishYelp;
				PRODUCT_NAME = "$(TARGET_NAME)";
				SWIFT_VERSION = 5.0;
				TARGETED_DEVICE_FAMILY = "1,2";
			};
			name = Release;
		};
/* End XCBuildConfiguration section */

/* Begin XCConfigurationList section */
		1A0ED9F1249696E000FEB661 /* Build configuration list for PBXProject "BigFishYelp" */ = {
			isa = XCConfigurationList;
			buildConfigurations = (
				1A0EDA08249696E300FEB661 /* Debug */,
				1A0EDA09249696E300FEB661 /* Release */,
			);
			defaultConfigurationIsVisible = 0;
			defaultConfigurationName = Release;
		};
		1A0EDA0A249696E300FEB661 /* Build configuration list for PBXNativeTarget "BigFishYelp" */ = {
			isa = XCConfigurationList;
			buildConfigurations = (
				1A0EDA0B249696E300FEB661 /* Debug */,
				1A0EDA0C249696E300FEB661 /* Release */,
			);
			defaultConfigurationIsVisible = 0;
			defaultConfigurationName = Release;
		};
/* End XCConfigurationList section */
	};
	rootObject = 1A0ED9EE249696E000FEB661 /* Project object */;
}
